
Microsoft Visual Studio Solution File, Format Version 12.00
# Visual Studio Version 17
VisualStudioVersion = 17.13.35913.81 d17.13
MinimumVisualStudioVersion = 10.0.40219.1
Project("{FAE04EC0-301F-11D3-BF4B-00C04F79EFBC}") = "MangaTrack", "MangaTrack\MangaTrack.csproj", "{56C0ABFA-2218-45A5-B1FF-5DC320E94B74}"
EndProject
Global
	GlobalSection(SolutionConfigurationPlatforms) = preSolution
		Debug|Any CPU = Debug|Any CPU
		Release|Any CPU = Release|Any CPU
	EndGlobalSection
	GlobalSection(ProjectConfigurationPlatforms) = postSolution
		{56C0ABFA-2218-45A5-B1FF-5DC320E94B74}.Debug|Any CPU.ActiveCfg = Debug|Any CPU
		{56C0ABFA-2218-45A5-B1FF-5DC320E94B74}.Debug|Any CPU.Build.0 = Debug|Any CPU
		{56C0ABFA-2218-45A5-B1FF-5DC320E94B74}.Release|Any CPU.ActiveCfg = Release|Any CPU
		{56C0ABFA-2218-45A5-B1FF-5DC320E94B74}.Release|Any CPU.Build.0 = Release|Any CPU
	EndGlobalSection
	GlobalSection(SolutionProperties) = preSolution
		HideSolutionNode = FALSE
	EndGlobalSection
	GlobalSection(ExtensibilityGlobals) = postSolution
		SolutionGuid = {BA928474-11DC-452C-B14D-B7767E47916C}
	EndGlobalSection
EndGlobal
